<?xml version="1.0" encoding="utf-8"?>
<Project ToolsVersion="4.0" xmlns="http://schemas.microsoft.com/developer/msbuild/2003">
  <ItemGroup>
    <Filter Include="Source Files">
      <UniqueIdentifier>{4FC737F1-C7A5-4376-A066-2A32D752A2FF}</UniqueIdentifier>
      <Extensions>cpp;c;cc;cxx;def;odl;idl;hpj;bat;asm;asmx</Extensions>
    </Filter>
    <Filter Include="Header Files">
      <UniqueIdentifier>{93995380-89BD-4b04-88EB-625FBE52EBFB}</UniqueIdentifier>
      <Extensions>h;hh;hpp;hxx;hm;inl;inc;ipp;xsd</Extensions>
    </Filter>
    <Filter Include="Resource Files">
      <UniqueIdentifier>{67DA6AB6-F800-4c08-8B7A-83BB121AAD01}</UniqueIdentifier>
      <Extensions>rc;ico;cur;bmp;dlg;rc2;rct;bin;rgs;gif;jpg;jpeg;jpe;resx;tiff;tif;png;wav;mfcribbon-ms</Extensions>
    </Filter>
  </ItemGroup>
  <ItemGroup>
    <ClInclude Include="..\..\Seminar5_sapt_1\Produs.h">
      <Filter>Header Files</Filter>
    </ClInclude>
    <ClInclude Include="..\..\Seminar5_sapt_1\ProdusDulce.h">
      <Filter>Header Files</Filter>
    </ClInclude>
    <ClInclude Include="..\..\Seminar5_sapt_1\ProdusSarat.h">
      <Filter>Header Files</Filter>
    </ClInclude>
    <ClInclude Include="..\..\Seminar5_sapt_1\ReadFromFileException.h">
      <Filter>Header Files</Filter>
    </ClInclude>
    <ClInclude Include="..\..\Seminar5_sapt_1\RepoException.h">
      <Filter>Header Files</Filter>
    </ClInclude>
    <ClInclude Include="..\..\Seminar5_sapt_1\RepoFile.h">
      <Filter>Header Files</Filter>
    </ClInclude>
    <ClInclude Include="..\..\Seminar5_sapt_1\RepoFileCSV.h">
      <Filter>Header Files</Filter>
    </ClInclude>
    <ClInclude Include="..\..\Seminar5_sapt_1\RepoFileTXT.h">
      <Filter>Header Files</Filter>
    </ClInclude>
    <ClInclude Include="..\..\Seminar5_sapt_1\Service.h">
      <Filter>Header Files</Filter>
    </ClInclude>
    <ClInclude Include="..\..\Seminar5_sapt_1\TestProdus.h">
      <Filter>Header Files</Filter>
    </ClInclude>
    <ClInclude Include="..\..\Seminar5_sapt_1\TestProdusDulce.h">
      <Filter>Header Files</Filter>
    </ClInclude>
    <ClInclude Include="..\..\Seminar5_sapt_1\TestProdusSarat.h">
      <Filter>Header Files</Filter>
    </ClInclude>
    <ClInclude Include="..\..\Seminar5_sapt_1\TestRepoFile.h">
      <Filter>Header Files</Filter>
    </ClInclude>
    <ClInclude Include="..\..\Seminar5_sapt_1\TestService.h">
      <Filter>Header Files</Filter>
    </ClInclude>
    <ClInclude Include="..\..\Seminar5_sapt_1\TestValidatorProdus.h">
      <Filter>Header Files</Filter>
    </ClInclude>
    <ClInclude Include="..\..\Seminar5_sapt_1\UI.h">
      <Filter>Header Files</Filter>
    </ClInclude>
    <ClInclude Include="..\..\Seminar5_sapt_1\Util.h">
      <Filter>Header Files</Filter>
    </ClInclude>
    <ClInclude Include="..\..\Seminar5_sapt_1\ValidationException.h">
      <Filter>Header Files</Filter>
    </ClInclude>
    <ClInclude Include="..\..\Seminar5_sapt_1\ValidatorProdus.h">
      <Filter>Header Files</Filter>
    </ClInclude>
    <ClInclude Include="..\..\Seminar5_sapt_1\ValidatorProdusDulce.h">
      <Filter>Header Files</Filter>
    </ClInclude>
    <ClInclude Include="..\..\Seminar5_sapt_1\ValidatorProdusSarat.h">
      <Filter>Header Files</Filter>
    </ClInclude>
  </ItemGroup>
  <ItemGroup>
    <ClCompile Include="..\..\Seminar5_sapt_1\Produs.cpp">
      <Filter>Source Files</Filter>
    </ClCompile>
    <ClCompile Include="..\..\Seminar5_sapt_1\ProdusDulce.cpp">
      <Filter>Source Files</Filter>
    </ClCompile>
    <ClCompile Include="..\..\Seminar5_sapt_1\ProdusSarat.cpp">
      <Filter>Source Files</Filter>
    </ClCompile>
    <ClCompile Include="..\..\Seminar5_sapt_1\RepoFile.cpp">
      <Filter>Source Files</Filter>
    </ClCompile>
    <ClCompile Include="..\..\Seminar5_sapt_1\RepoFileCSV.cpp">
      <Filter>Source Files</Filter>
    </ClCompile>
    <ClCompile Include="..\..\Seminar5_sapt_1\RepoFileTXT.cpp">
      <Filter>Source Files</Filter>
    </ClCompile>
    <ClCompile Include="..\..\Seminar5_sapt_1\Seminar5_sapt_1.cpp">
      <Filter>Source Files</Filter>
    </ClCompile>
    <ClCompile Include="..\..\Seminar5_sapt_1\Service.cpp">
      <Filter>Source Files</Filter>
    </ClCompile>
    <ClCompile Include="..\..\Seminar5_sapt_1\TestProdus.cpp">
      <Filter>Source Files</Filter>
    </ClCompile>
    <ClCompile Include="..\..\Seminar5_sapt_1\TestProdusDulce.cpp">
      <Filter>Source Files</Filter>
    </ClCompile>
    <ClCompile Include="..\..\Seminar5_sapt_1\TestProdusSarat.cpp">
      <Filter>Source Files</Filter>
    </ClCompile>
    <ClCompile Include="..\..\Seminar5_sapt_1\TestRepoFile.cpp">
      <Filter>Source Files</Filter>
    </ClCompile>
    <ClCompile Include="..\..\Seminar5_sapt_1\TestService.cpp">
      <Filter>Source Files</Filter>
    </ClCompile>
    <ClCompile Include="..\..\Seminar5_sapt_1\TestValidatorProdus.cpp">
      <Filter>Source Files</Filter>
    </ClCompile>
    <ClCompile Include="..\..\Seminar5_sapt_1\UI.cpp">
      <Filter>Source Files</Filter>
    </ClCompile>
    <ClCompile Include="..\..\Seminar5_sapt_1\Util.cpp">
      <Filter>Source Files</Filter>
    </ClCompile>
    <ClCompile Include="..\..\Seminar5_sapt_1\ValidatorProdus.cpp">
      <Filter>Source Files</Filter>
    </ClCompile>
    <ClCompile Include="..\..\Seminar5_sapt_1\ValidatorProdusDulce.cpp">
      <Filter>Source Files</Filter>
    </ClCompile>
    <ClCompile Include="..\..\Seminar5_sapt_1\ValidatorProdusSarat.cpp">
      <Filter>Source Files</Filter>
    </ClCompile>
  </ItemGroup>
  <ItemGroup>
    <None Include="..\..\Seminar5_sapt_1\fisier.csv">
      <Filter>Resource Files</Filter>
    </None>
    <None Include="..\..\Seminar5_sapt_1\TestProduseIn.csv">
      <Filter>Resource Files</Filter>
    </None>
    <None Include="..\..\Seminar5_sapt_1\TestProduseInInvalid.csv">
      <Filter>Resource Files</Filter>
    </None>
    <None Include="..\..\Seminar5_sapt_1\TestProduseOut.csv">
      <Filter>Resource Files</Filter>
    </None>
  </ItemGroup>
  <ItemGroup>
    <Text Include="..\..\Seminar5_sapt_1\fisier.txt">
      <Filter>Resource Files</Filter>
    </Text>
    <Text Include="..\..\Seminar5_sapt_1\TestProduseIn.txt">
      <Filter>Resource Files</Filter>
    </Text>
    <Text Include="..\..\Seminar5_sapt_1\TestProduseInInvalid.txt">
      <Filter>Resource Files</Filter>
    </Text>
    <Text Include="..\..\Seminar5_sapt_1\TestProduseOut.txt">
      <Filter>Resource Files</Filter>
    </Text>
  </ItemGroup>
</Project>